
Microsoft Visual Studio Solution File, Format Version 12.00
# Visual Studio 15
VisualStudioVersion = 15.0.27703.2035
MinimumVisualStudioVersion = 10.0.40219.1
Project("{8BC9CEB8-8B4A-11D0-8D11-00A0C91BC942}") = "0803encrypt", "0803encrypt\0803encrypt.vcxproj", "{7EE2DD22-C823-48BD-A4C6-E4F5CEF656AE}"
EndProject
Global
	GlobalSection(SolutionConfigurationPlatforms) = preSolution
		Debug|x64 = Debug|x64
		Debug|x86 = Debug|x86
		Release|x64 = Release|x64
		Release|x86 = Release|x86
	EndGlobalSection
	GlobalSection(ProjectConfigurationPlatforms) = postSolution
		{7EE2DD22-C823-48BD-A4C6-E4F5CEF656AE}.Debug|x64.ActiveCfg = Debug|x64
		{7EE2DD22-C823-48BD-A4C6-E4F5CEF656AE}.Debug|x64.Build.0 = Debug|x64
		{7EE2DD22-C823-48BD-A4C6-E4F5CEF656AE}.Debug|x86.ActiveCfg = Debug|Win32
		{7EE2DD22-C823-48BD-A4C6-E4F5CEF656AE}.Debug|x86.Build.0 = Debug|Win32
		{7EE2DD22-C823-48BD-A4C6-E4F5CEF656AE}.Release|x64.ActiveCfg = Release|x64
		{7EE2DD22-C823-48BD-A4C6-E4F5CEF656AE}.Release|x64.Build.0 = Release|x64
		{7EE2DD22-C823-48BD-A4C6-E4F5CEF656AE}.Release|x86.ActiveCfg = Release|Win32
		{7EE2DD22-C823-48BD-A4C6-E4F5CEF656AE}.Release|x86.Build.0 = Release|Win32
	EndGlobalSection
	GlobalSection(SolutionProperties) = preSolution
		HideSolutionNode = FALSE
	EndGlobalSection
	GlobalSection(ExtensibilityGlobals) = postSolution
		SolutionGuid = {B1B87EAC-3DE4-41A5-8A64-A994D9B3E820}
	EndGlobalSection
EndGlobal
